
Microsoft Visual Studio Solution File, Format Version 12.00
Project("{FAE04EC0-301F-11D3-BF4B-00C04F79EFBC}") = "Core", "src\Core\Core.csproj", "{3A9CEA28-4F62-457B-ADC7-3525D897BA16}"
EndProject
Project("{FAE04EC0-301F-11D3-BF4B-00C04F79EFBC}") = "WebClient", "src\WebClient\WebClient.csproj", "{0A5B7AFA-2E18-4C55-9AEA-3338D4389FE8}"
EndProject
Project("{FAE04EC0-301F-11D3-BF4B-00C04F79EFBC}") = "WebServer", "src\WebServer\WebServer.csproj", "{F5F29D79-449F-40A1-8FB0-09C8FBE8BD20}"
EndProject
Project("{FAE04EC0-301F-11D3-BF4B-00C04F79EFBC}") = "TestCore", "src\TestCore\TestCore.csproj", "{DEB671EF-C9A7-4A43-A2CF-E652F151A361}"
EndProject
Project("{FAE04EC0-301F-11D3-BF4B-00C04F79EFBC}") = "WebServerTest", "src\WebServerTest\WebServerTest.csproj", "{9248EA7F-AFB0-457D-AB23-9F905D697DD7}"
EndProject
Project("{FAE04EC0-301F-11D3-BF4B-00C04F79EFBC}") = "UserService", "src\UserService\UserService.csproj", "{2AA732C2-8EAA-4EB1-9F84-E26BABF5D75A}"
EndProject
Project("{FAE04EC0-301F-11D3-BF4B-00C04F79EFBC}") = "PlantService", "src\PlantService\PlantService.csproj", "{FE5784A1-117E-412C-8895-03E0D57880E8}"
EndProject
Global
	GlobalSection(SolutionConfigurationPlatforms) = preSolution
		Debug|Any CPU = Debug|Any CPU
		Release|Any CPU = Release|Any CPU
	EndGlobalSection
	GlobalSection(ProjectConfigurationPlatforms) = postSolution
		{3A9CEA28-4F62-457B-ADC7-3525D897BA16}.Debug|Any CPU.ActiveCfg = Debug|Any CPU
		{3A9CEA28-4F62-457B-ADC7-3525D897BA16}.Debug|Any CPU.Build.0 = Debug|Any CPU
		{3A9CEA28-4F62-457B-ADC7-3525D897BA16}.Release|Any CPU.ActiveCfg = Release|Any CPU
		{3A9CEA28-4F62-457B-ADC7-3525D897BA16}.Release|Any CPU.Build.0 = Release|Any CPU
		{0A5B7AFA-2E18-4C55-9AEA-3338D4389FE8}.Debug|Any CPU.ActiveCfg = Debug|Any CPU
		{0A5B7AFA-2E18-4C55-9AEA-3338D4389FE8}.Debug|Any CPU.Build.0 = Debug|Any CPU
		{0A5B7AFA-2E18-4C55-9AEA-3338D4389FE8}.Release|Any CPU.ActiveCfg = Release|Any CPU
		{0A5B7AFA-2E18-4C55-9AEA-3338D4389FE8}.Release|Any CPU.Build.0 = Release|Any CPU
		{F5F29D79-449F-40A1-8FB0-09C8FBE8BD20}.Debug|Any CPU.ActiveCfg = Debug|Any CPU
		{F5F29D79-449F-40A1-8FB0-09C8FBE8BD20}.Debug|Any CPU.Build.0 = Debug|Any CPU
		{F5F29D79-449F-40A1-8FB0-09C8FBE8BD20}.Release|Any CPU.ActiveCfg = Release|Any CPU
		{F5F29D79-449F-40A1-8FB0-09C8FBE8BD20}.Release|Any CPU.Build.0 = Release|Any CPU
		{DEB671EF-C9A7-4A43-A2CF-E652F151A361}.Debug|Any CPU.ActiveCfg = Debug|Any CPU
		{DEB671EF-C9A7-4A43-A2CF-E652F151A361}.Debug|Any CPU.Build.0 = Debug|Any CPU
		{DEB671EF-C9A7-4A43-A2CF-E652F151A361}.Release|Any CPU.ActiveCfg = Release|Any CPU
		{DEB671EF-C9A7-4A43-A2CF-E652F151A361}.Release|Any CPU.Build.0 = Release|Any CPU
		{9248EA7F-AFB0-457D-AB23-9F905D697DD7}.Debug|Any CPU.ActiveCfg = Debug|Any CPU
		{9248EA7F-AFB0-457D-AB23-9F905D697DD7}.Debug|Any CPU.Build.0 = Debug|Any CPU
		{9248EA7F-AFB0-457D-AB23-9F905D697DD7}.Release|Any CPU.ActiveCfg = Release|Any CPU
		{9248EA7F-AFB0-457D-AB23-9F905D697DD7}.Release|Any CPU.Build.0 = Release|Any CPU
		{2AA732C2-8EAA-4EB1-9F84-E26BABF5D75A}.Debug|Any CPU.ActiveCfg = Debug|Any CPU
		{2AA732C2-8EAA-4EB1-9F84-E26BABF5D75A}.Debug|Any CPU.Build.0 = Debug|Any CPU
		{2AA732C2-8EAA-4EB1-9F84-E26BABF5D75A}.Release|Any CPU.ActiveCfg = Release|Any CPU
		{2AA732C2-8EAA-4EB1-9F84-E26BABF5D75A}.Release|Any CPU.Build.0 = Release|Any CPU
		{FE5784A1-117E-412C-8895-03E0D57880E8}.Debug|Any CPU.ActiveCfg = Debug|Any CPU
		{FE5784A1-117E-412C-8895-03E0D57880E8}.Debug|Any CPU.Build.0 = Debug|Any CPU
		{FE5784A1-117E-412C-8895-03E0D57880E8}.Release|Any CPU.ActiveCfg = Release|Any CPU
		{FE5784A1-117E-412C-8895-03E0D57880E8}.Release|Any CPU.Build.0 = Release|Any CPU
	EndGlobalSection
EndGlobal
